// !$*UTF8*$!
{
	archiveVersion = 1;
	classes = {
	};
	objectVersion = 50;
	objects = {

/* Begin PBXBuildFile section */
		30B2F9D022E72D1A001E423D /* AppDelegate.swift in Sources */ = {isa = PBXBuildFile; fileRef = 30B2F9CF22E72D1A001E423D /* AppDelegate.swift */; };
		30B2F9D222E72D1A001E423D /* ViewController.swift in Sources */ = {isa = PBXBuildFile; fileRef = 30B2F9D122E72D1A001E423D /* ViewController.swift */; };
		30B2F9D522E72D1A001E423D /* Main.storyboard in Resources */ = {isa = PBXBuildFile; fileRef = 30B2F9D322E72D1A001E423D /* Main.storyboard */; };
		30B2F9D722E72D1B001E423D /* Assets.xcassets in Resources */ = {isa = PBXBuildFile; fileRef = 30B2F9D622E72D1B001E423D /* Assets.xcassets */; };
		30B2F9DA22E72D1B001E423D /* LaunchScreen.storyboard in Resources */ = {isa = PBXBuildFile; fileRef = 30B2F9D822E72D1B001E423D /* LaunchScreen.storyboard */; };
/* End PBXBuildFile section */

/* Begin PBXFileReference section */
		30B2F9CC22E72D1A001E423D /* siriExtension.app */ = {isa = PBXFileReference; explicitFileType = wrapper.application; includeInIndex = 0; path = siriExtension.app; sourceTree = BUILT_PRODUCTS_DIR; };
		30B2F9CF22E72D1A001E423D /* AppDelegate.swift */ = {isa = PBXFileReference; lastKnownFileType = sourcecode.swift; path = AppDelegate.swift; sourceTree = "<group>"; };
		30B2F9D122E72D1A001E423D /* ViewController.swift */ = {isa = PBXFileReference; lastKnownFileType = sourcecode.swift; path = ViewController.swift; sourceTree = "<group>"; };
		30B2F9D422E72D1A001E423D /* Base */ = {isa = PBXFileReference; lastKnownFileType = file.storyboard; name = Base; path = Base.lproj/Main.storyboard; sourceTree = "<group>"; };
		30B2F9D622E72D1B001E423D /* Assets.xcassets */ = {isa = PBXFileReference; lastKnownFileType = folder.assetcatalog; path = Assets.xcassets; sourceTree = "<group>"; };
		30B2F9D922E72D1B001E423D /* Base */ = {isa = PBXFileReference; lastKnownFileType = file.storyboard; name = Base; path = Base.lproj/LaunchScreen.storyboard; sourceTree = "<group>"; };
		30B2F9DB22E72D1B001E423D /* Info.plist */ = {isa = PBXFileReference; lastKnownFileType = text.plist.xml; path = Info.plist; sourceTree = "<group>"; };
/* End PBXFileReference section */

/* Begin PBXFrameworksBuildPhase section */
		30B2F9C922E72D1A001E423D /* Frameworks */ = {
			isa = PBXFrameworksBuildPhase;
			buildActionMask = 2147483647;
			files = (
			);
			runOnlyForDeploymentPostprocessing = 0;
		};
/* End PBXFrameworksBuildPhase section */

/* Begin PBXGroup section */
		30B2F9C322E72D1A001E423D = {
			isa = PBXGroup;
			children = (
				30B2F9CE22E72D1A001E423D /* siriExtension */,
				30B2F9CD22E72D1A001E423D /* Products */,
			);
			sourceTree = "<group>";
		};
		30B2F9CD22E72D1A001E423D /* Products */ = {
			isa = PBXGroup;
			children = (
				30B2F9CC22E72D1A001E423D /* siriExtension.app */,
			);
			name = Products;
			sourceTree = "<group>";
		};
		30B2F9CE22E72D1A001E423D /* siriExtension */ = {
			isa = PBXGroup;
			children = (
				30B2F9CF22E72D1A001E423D /* AppDelegate.swift */,
				30B2F9D122E72D1A001E423D /* ViewController.swift */,
				30B2F9D322E72D1A001E423D /* Main.storyboard */,
				30B2F9D622E72D1B001E423D /* Assets.xcassets */,
				30B2F9D822E72D1B001E423D /* LaunchScreen.storyboard */,
				30B2F9DB22E72D1B001E423D /* Info.plist */,
			);
			path = siriExtension;
			sourceTree = "<group>";
		};
/* End PBXGroup section */

/* Begin PBXNativeTarget section */
		30B2F9CB22E72D1A001E423D /* siriExtension */ = {
			isa = PBXNativeTarget;
			buildConfigurationList = 30B2F9DE22E72D1B001E423D /* Build configuration list for PBXNativeTarget "siriExtension" */;
			buildPhases = (
				30B2F9C822E72D1A001E423D /* Sources */,
				30B2F9C922E72D1A001E423D /* Frameworks */,
				30B2F9CA22E72D1A001E423D /* Resources */,
			);
			buildRules = (
			);
			dependencies = (
			);
			name = siriExtension;
			productName = siriExtension;
			productReference = 30B2F9CC22E72D1A001E423D /* siriExtension.app */;
			productType = "com.apple.product-type.application";
		};
/* End PBXNativeTarget section */

/* Begin PBXProject section */
		30B2F9C422E72D1A001E423D /* Project object */ = {
			isa = PBXProject;
			attributes = {
				LastSwiftUpdateCheck = 1020;
				LastUpgradeCheck = 1020;
				ORGANIZATIONNAME = "Pawan Badsewal";
				TargetAttributes = {
					30B2F9CB22E72D1A001E423D = {
						CreatedOnToolsVersion = 10.2.1;
					};
				};
			};
			buildConfigurationList = 30B2F9C722E72D1A001E423D /* Build configuration list for PBXProject "siriExtension" */;
			compatibilityVersion = "Xcode 9.3";
			developmentRegion = en;
			hasScannedForEncodings = 0;
			knownRegions = (
				en,
				Base,
			);
			mainGroup = 30B2F9C322E72D1A001E423D;
			productRefGroup = 30B2F9CD22E72D1A001E423D /* Products */;
			projectDirPath = "";
			projectRoot = "";
			targets = (
				30B2F9CB22E72D1A001E423D /* siriExtension */,
			);
		};
/* End PBXProject section */

/* Begin PBXResourcesBuildPhase section */
		30B2F9CA22E72D1A001E423D /* Resources */ = {
			isa = PBXResourcesBuildPhase;
			buildActionMask = 2147483647;
			files = (
				30B2F9DA22E72D1B001E423D /* LaunchScreen.storyboard in Resources */,
				30B2F9D722E72D1B001E423D /* Assets.xcassets in Resources */,
				30B2F9D522E72D1A001E423D /* Main.storyboard in Resources */,
			);
			runOnlyForDeploymentPostprocessing = 0;
		};
/* End PBXResourcesBuildPhase section */

/* Begin PBXSourcesBuildPhase section */
		30B2F9C822E72D1A001E423D /* Sources */ = {
			isa = PBXSourcesBuildPhase;
			buildActionMask = 2147483647;
			files = (
				30B2F9D222E72D1A001E423D /* ViewController.swift in Sources */,
				30B2F9D022E72D1A001E423D /* AppDelegate.swift in Sources */,
			);
			runOnlyForDeploymentPostprocessing = 0;
		};
/* End PBXSourcesBuildPhase section */

/* Begin PBXVariantGroup section */
		30B2F9D322E72D1A001E423D /* Main.storyboard */ = {
			isa = PBXVariantGroup;
			children = (
				30B2F9D422E72D1A001E423D /* Base */,
			);
			name = Main.storyboard;
			sourceTree = "<group>";
		};
		30B2F9D822E72D1B001E423D /* LaunchScreen.storyboard */ = {
			isa = PBXVariantGroup;
			children = (
				30B2F9D922E72D1B001E423D /* Base */,
			);
			name = LaunchScreen.storyboard;
			sourceTree = "<group>";
		};
/* End PBXVariantGroup section */

/* Begin XCBuildConfiguration section */
		30B2F9DC22E72D1B001E423D /* Debug */ = {
			isa = XCBuildConfiguration;
			buildSettings = {
				ALWAYS_SEARCH_USER_PATHS = NO;
				CLANG_ANALYZER_NONNULL = YES;
				CLANG_ANALYZER_NUMBER_OBJECT_CONVERSION = YES_AGGRESSIVE;
				CLANG_CXX_LANGUAGE_STANDARD = "gnu++14";
				CLANG_CXX_LIBRARY = "libc++";
				CLANG_ENABLE_MODULES = YES;
				CLANG_ENABLE_OBJC_ARC = YES;
				CLANG_ENABLE_OBJC_WEAK = YES;
				CLANG_WARN_BLOCK_CAPTURE_AUTORELEASING = YES;
				CLANG_WARN_BOOL_CONVERSION = YES;
				CLANG_WARN_COMMA = YES;
				CLANG_WARN_CONSTANT_CONVERSION = YES;
				CLANG_WARN_DEPRECATED_OBJC_IMPLEMENTATIONS = YES;
				CLANG_WARN_DIRECT_OBJC_ISA_USAGE = YES_ERROR;
				CLANG_WARN_DOCUMENTATION_COMMENTS = YES;
				CLANG_WARN_EMPTY_BODY = YES;
				CLANG_WARN_ENUM_CONVERSION = YES;
				CLANG_WARN_INFINITE_RECURSION = YES;
				CLANG_WARN_INT_CONVERSION = YES;
				CLANG_WARN_NON_LITERAL_NULL_CONVERSION = YES;
				CLANG_WARN_OBJC_IMPLICIT_RETAIN_SELF = YES;
				CLANG_WARN_OBJC_LITERAL_CONVERSION = YES;
				CLANG_WARN_OBJC_ROOT_CLASS = YES_ERROR;
				CLANG_WARN_RANGE_LOOP_ANALYSIS = YES;
				CLANG_WARN_STRICT_PROTOTYPES = YES;
				CLANG_WARN_SUSPICIOUS_MOVE = YES;
				CLANG_WARN_UNGUARDED_AVAILABILITY = YES_AGGRESSIVE;
				CLANG_WARN_UNREACHABLE_CODE = YES;
				CLANG_WARN__DUPLICATE_METHOD_MATCH = YES;
				CODE_SIGN_IDENTITY = "iPhone Developer";
				COPY_PHASE_STRIP = NO;
				DEBUG_INFORMATION_FORMAT = dwarf;
				ENABLE_STRICT_OBJC_MSGSEND = YES;
				ENABLE_TESTABILITY = YES;
				GCC_C_LANGUAGE_STANDARD = gnu11;
				GCC_DYNAMIC_NO_PIC = NO;
				GCC_NO_COMMON_BLOCKS = YES;
				GCC_OPTIMIZATION_LEVEL = 0;
				GCC_PREPROCESSOR_DEFINITIONS = (
					"DEBUG=1",
					"$(inherited)",
				);
				GCC_WARN_64_TO_32_BIT_CONVERSION = YES;
				GCC_WARN_ABOUT_RETURN_TYPE = YES_ERROR;
				GCC_WARN_UNDECLARED_SELECTOR = YES;
				GCC_WARN_UNINITIALIZED_AUTOS = YES_AGGRESSIVE;
				GCC_WARN_UNUSED_FUNCTION = YES;
				GCC_WARN_UNUSED_VARIABLE = YES;
				IPHONEOS_DEPLOYMENT_TARGET = 12.2;
				MTL_ENABLE_DEBUG_INFO = INCLUDE_SOURCE;
				MTL_FAST_MATH = YES;
				ONLY_ACTIVE_ARCH = YES;
				SDKROOT = iphoneos;
				SWIFT_ACTIVE_COMPILATION_CONDITIONS = DEBUG;
				SWIFT_OPTIMIZATION_LEVEL = "-Onone";
			};
			name = Debug;
		};
		30B2F9DD22E72D1B001E423D /* Release */ = {
			isa = XCBuildConfiguration;
			buildSettings = {
				ALWAYS_SEARCH_USER_PATHS = NO;
				CLANG_ANALYZER_NONNULL = YES;
				CLANG_ANALYZER_NUMBER_OBJECT_CONVERSION = YES_AGGRESSIVE;
				CLANG_CXX_LANGUAGE_STANDARD = "gnu++14";
				CLANG_CXX_LIBRARY = "libc++";
				CLANG_ENABLE_MODULES = YES;
				CLANG_ENABLE_OBJC_ARC = YES;
				CLANG_ENABLE_OBJC_WEAK = YES;
				CLANG_WARN_BLOCK_CAPTURE_AUTORELEASING = YES;
				CLANG_WARN_BOOL_CONVERSION = YES;
				CLANG_WARN_COMMA = YES;
				CLANG_WARN_CONSTANT_CONVERSION = YES;
				CLANG_WARN_DEPRECATED_OBJC_IMPLEMENTATIONS = YES;
				CLANG_WARN_DIRECT_OBJC_ISA_USAGE = YES_ERROR;
				CLANG_WARN_DOCUMENTATION_COMMENTS = YES;
				CLANG_WARN_EMPTY_BODY = YES;
				CLANG_WARN_ENUM_CONVERSION = YES;
				CLANG_WARN_INFINITE_RECURSION = YES;
				CLANG_WARN_INT_CONVERSION = YES;
				CLANG_WARN_NON_LITERAL_NULL_CONVERSION = YES;
				CLANG_WARN_OBJC_IMPLICIT_RETAIN_SELF = YES;
				CLANG_WARN_OBJC_LITERAL_CONVERSION = YES;
				CLANG_WARN_OBJC_ROOT_CLASS = YES_ERROR;
				CLANG_WARN_RANGE_LOOP_ANALYSIS = YES;
				CLANG_WARN_STRICT_PROTOTYPES = YES;
				CLANG_WARN_SUSPICIOUS_MOVE = YES;
				CLANG_WARN_UNGUARDED_AVAILABILITY = YES_AGGRESSIVE;
				CLANG_WARN_UNREACHABLE_CODE = YES;
				CLANG_WARN__DUPLICATE_METHOD_MATCH = YES;
				CODE_SIGN_IDENTITY = "iPhone Developer";
				COPY_PHASE_STRIP = NO;
				DEBUG_INFORMATION_FORMAT = "dwarf-with-dsym";
				ENABLE_NS_ASSERTIONS = NO;
				ENABLE_STRICT_OBJC_MSGSEND = YES;
				GCC_C_LANGUAGE_STANDARD = gnu11;
				GCC_NO_COMMON_BLOCKS = YES;
				GCC_WARN_64_TO_32_BIT_CONVERSION = YES;
				GCC_WARN_ABOUT_RETURN_TYPE = YES_ERROR;
				GCC_WARN_UNDECLARED_SELECTOR = YES;
				GCC_WARN_UNINITIALIZED_AUTOS = YES_AGGRESSIVE;
				GCC_WARN_UNUSED_FUNCTION = YES;
				GCC_WARN_UNUSED_VARIABLE = YES;
				IPHONEOS_DEPLOYMENT_TARGET = 12.2;
				MTL_ENABLE_DEBUG_INFO = NO;
				MTL_FAST_MATH = YES;
				SDKROOT = iphoneos;
				SWIFT_COMPILATION_MODE = wholemodule;
				SWIFT_OPTIMIZATION_LEVEL = "-O";
				VALIDATE_PRODUCT = YES;
			};
			name = Release;
		};
		30B2F9DF22E72D1B001E423D /* Debug */ = {
			isa = XCBuildConfiguration;
			buildSettings = {
				ASSETCATALOG_COMPILER_APPICON_NAME = AppIcon;
				CODE_SIGN_STYLE = Automatic;
				DEVELOPMENT_TEAM = GY622E6NGC;
				INFOPLIST_FILE = siriExtension/Info.plist;
				LD_RUNPATH_SEARCH_PATHS = (
					"$(inherited)",
					"@executable_path/Frameworks",
				);
				PRODUCT_BUNDLE_IDENTIFIER = com.gmbverve.siriExtension;
				PRODUCT_NAME = "$(TARGET_NAME)";
				SWIFT_VERSION = 5.0;
				TARGETED_DEVICE_FAMILY = "1,2";
			};
			name = Debug;
		};
		30B2F9E022E72D1B001E423D /* Release */ = {
			isa = XCBuildConfiguration;
			buildSettings = {
				ASSETCATALOG_COMPILER_APPICON_NAME = AppIcon;
				CODE_SIGN_STYLE = Automatic;
				DEVELOPMENT_TEAM = GY622E6NGC;
				INFOPLIST_FILE = siriExtension/Info.plist;
				LD_RUNPATH_SEARCH_PATHS = (
					"$(inherited)",
					"@executable_path/Frameworks",
				);
				PRODUCT_BUNDLE_IDENTIFIER = com.gmbverve.siriExtension;
				PRODUCT_NAME = "$(TARGET_NAME)";
				SWIFT_VERSION = 5.0;
				TARGETED_DEVICE_FAMILY = "1,2";
			};
			name = Release;
		};
/* End XCBuildConfiguration section */

/* Begin XCConfigurationList section */
		30B2F9C722E72D1A001E423D /* Build configuration list for PBXProject "siriExtension" */ = {
			isa = XCConfigurationList;
			buildConfigurations = (
				30B2F9DC22E72D1B001E423D /* Debug */,
				30B2F9DD22E72D1B001E423D /* Release */,
			);
			defaultConfigurationIsVisible = 0;
			defaultConfigurationName = Release;
		};
		30B2F9DE22E72D1B001E423D /* Build configuration list for PBXNativeTarget "siriExtension" */ = {
			isa = XCConfigurationList;
			buildConfigurations = (
				30B2F9DF22E72D1B001E423D /* Debug */,
				30B2F9E022E72D1B001E423D /* Release */,
			);
			defaultConfigurationIsVisible = 0;
			defaultConfigurationName = Release;
		};
/* End XCConfigurationList section */
	};
	rootObject = 30B2F9C422E72D1A001E423D /* Project object */;
}
